// !$*UTF8*$!
{
	archiveVersion = 1;
	classes = {
	};
	objectVersion = 52;
	objects = {

/* Begin PBXBuildFile section */
		631DFEBE26DFD46A00E88664 /* MHA_CompanionApp.swift in Sources */ = {isa = PBXBuildFile; fileRef = 631DFEBD26DFD46A00E88664 /* MHA_CompanionApp.swift */; };
		631DFEC026DFD46A00E88664 /* ContentView.swift in Sources */ = {isa = PBXBuildFile; fileRef = 631DFEBF26DFD46A00E88664 /* ContentView.swift */; };
		631DFEC226DFD46C00E88664 /* Assets.xcassets in Resources */ = {isa = PBXBuildFile; fileRef = 631DFEC126DFD46C00E88664 /* Assets.xcassets */; };
		631DFEC526DFD46C00E88664 /* Preview Assets.xcassets in Resources */ = {isa = PBXBuildFile; fileRef = 631DFEC426DFD46C00E88664 /* Preview Assets.xcassets */; };
		631DFEEE26DFD63D00E88664 /* Character.swift in Sources */ = {isa = PBXBuildFile; fileRef = 631DFEED26DFD63D00E88664 /* Character.swift */; };
		631DFEF326DFD69300E88664 /* Kirishima.json in Resources */ = {isa = PBXBuildFile; fileRef = 631DFEF226DFD69300E88664 /* Kirishima.json */; };
		631DFEF726DFD6C700E88664 /* KirishimaMissingKeys.json in Resources */ = {isa = PBXBuildFile; fileRef = 631DFEF626DFD6C700E88664 /* KirishimaMissingKeys.json */; };
		631DFEF926DFD70200E88664 /* CharacterTests.swift in Sources */ = {isa = PBXBuildFile; fileRef = 631DFEF826DFD70200E88664 /* CharacterTests.swift */; };
		631DFEFB26DFDFAC00E88664 /* Age.swift in Sources */ = {isa = PBXBuildFile; fileRef = 631DFEFA26DFDFAC00E88664 /* Age.swift */; };
		631DFEFD26DFDFBD00E88664 /* FamilyMember.swift in Sources */ = {isa = PBXBuildFile; fileRef = 631DFEFC26DFDFBD00E88664 /* FamilyMember.swift */; };
		631DFEFF26DFF30900E88664 /* AgeTests.swift in Sources */ = {isa = PBXBuildFile; fileRef = 631DFEFE26DFF30900E88664 /* AgeTests.swift */; };
		631DFF0126DFF31500E88664 /* FamilyMemberTests.swift in Sources */ = {isa = PBXBuildFile; fileRef = 631DFF0026DFF31500E88664 /* FamilyMemberTests.swift */; };
		631DFF0626DFF79E00E88664 /* CharacterEndpoint.swift in Sources */ = {isa = PBXBuildFile; fileRef = 631DFF0526DFF79E00E88664 /* CharacterEndpoint.swift */; };
		631DFF0826DFFB0D00E88664 /* CharacterEndpointTests.swift in Sources */ = {isa = PBXBuildFile; fileRef = 631DFF0726DFFB0D00E88664 /* CharacterEndpointTests.swift */; };
		631DFF0A26E0017000E88664 /* ResultTests.swift in Sources */ = {isa = PBXBuildFile; fileRef = 631DFF0926E0017000E88664 /* ResultTests.swift */; };
		631DFF0C26E0017B00E88664 /* Results.swift in Sources */ = {isa = PBXBuildFile; fileRef = 631DFF0B26E0017B00E88664 /* Results.swift */; };
		631DFF0E26E00DAC00E88664 /* MyHeroAcademiaAPIIntegrationTests.swift in Sources */ = {isa = PBXBuildFile; fileRef = 631DFF0D26E00DAC00E88664 /* MyHeroAcademiaAPIIntegrationTests.swift */; };
		631DFF1026E00E2100E88664 /* ApiClient.swift in Sources */ = {isa = PBXBuildFile; fileRef = 631DFF0F26E00E2100E88664 /* ApiClient.swift */; };
		631DFF1A26E0149700E88664 /* CharacterService.swift in Sources */ = {isa = PBXBuildFile; fileRef = 631DFF1926E0149700E88664 /* CharacterService.swift */; };
		6336B15326E7D95A000616F7 /* ImageLoader.swift in Sources */ = {isa = PBXBuildFile; fileRef = 6336B15226E7D95A000616F7 /* ImageLoader.swift */; };
		6336B15526E7D9E3000616F7 /* ImageLoaderTests.swift in Sources */ = {isa = PBXBuildFile; fileRef = 6336B15426E7D9E3000616F7 /* ImageLoaderTests.swift */; };
		6395DB8026EA94E700A8762F /* CharactersViewModelTests.swift in Sources */ = {isa = PBXBuildFile; fileRef = 6395DB7F26EA94E700A8762F /* CharactersViewModelTests.swift */; };
		63BBB90526E7E1D500DD8D68 /* MockCharacterService.swift in Sources */ = {isa = PBXBuildFile; fileRef = 63BBB90426E7E1D500DD8D68 /* MockCharacterService.swift */; };
		63BBB90C26E7EBA100DD8D68 /* AvatarImage.swift in Sources */ = {isa = PBXBuildFile; fileRef = 6336B14C26E7AF0A000616F7 /* AvatarImage.swift */; };
		63BBB90D26E7EBB300DD8D68 /* Constants.swift in Sources */ = {isa = PBXBuildFile; fileRef = 6336B14E26E7CA33000616F7 /* Constants.swift */; };
		63BBB90E26E7F52800DD8D68 /* AvatarImageTests.swift in Sources */ = {isa = PBXBuildFile; fileRef = 6336B15026E7D804000616F7 /* AvatarImageTests.swift */; };
		63BBB91026E7FF4C00DD8D68 /* CharacterListTests.swift in Sources */ = {isa = PBXBuildFile; fileRef = 63BBB90F26E7FF4C00DD8D68 /* CharacterListTests.swift */; };
		63BBB91226E7FF9A00DD8D68 /* CharactersViewModel.swift in Sources */ = {isa = PBXBuildFile; fileRef = 63BBB91126E7FF9A00DD8D68 /* CharactersViewModel.swift */; };
		63CA4CFD26E122F200178A55 /* TestHelpers.swift in Sources */ = {isa = PBXBuildFile; fileRef = 63CA4CFC26E122F200178A55 /* TestHelpers.swift */; };
		63CA4D0326E24D7900178A55 /* CharacterList.swift in Sources */ = {isa = PBXBuildFile; fileRef = 63CA4D0226E24D7900178A55 /* CharacterList.swift */; };
		63CA4D0526E24E5600178A55 /* CharacterRow.swift in Sources */ = {isa = PBXBuildFile; fileRef = 63CA4D0426E24E5600178A55 /* CharacterRow.swift */; };
		63CA4D0726E2531B00178A55 /* CharacterRowInfoView.swift in Sources */ = {isa = PBXBuildFile; fileRef = 63CA4D0626E2531B00178A55 /* CharacterRowInfoView.swift */; };
		63CA4D0A26E2542800178A55 /* ViewInspector in Frameworks */ = {isa = PBXBuildFile; productRef = 63CA4D0926E2542800178A55 /* ViewInspector */; };
		63CA4D0C26E2547500178A55 /* CharacterRowInfoViewTests.swift in Sources */ = {isa = PBXBuildFile; fileRef = 63CA4D0B26E2547500178A55 /* CharacterRowInfoViewTests.swift */; };
		63CA4D0E26E254F200178A55 /* Inspectables.swift in Sources */ = {isa = PBXBuildFile; fileRef = 63CA4D0D26E254F200178A55 /* Inspectables.swift */; };
		63CA4D1026E2569D00178A55 /* CharacterRowTests.swift in Sources */ = {isa = PBXBuildFile; fileRef = 63CA4D0F26E2569D00178A55 /* CharacterRowTests.swift */; };
		63CA4D1226E256FF00178A55 /* TestInstances.swift in Sources */ = {isa = PBXBuildFile; fileRef = 63CA4D1126E256FF00178A55 /* TestInstances.swift */; };
		63CA4D1526E2740400178A55 /* ImageEndpoint.swift in Sources */ = {isa = PBXBuildFile; fileRef = 63CA4D1426E2740400178A55 /* ImageEndpoint.swift */; };
		63CA4D1726E2745E00178A55 /* ImageEndpointTests.swift in Sources */ = {isa = PBXBuildFile; fileRef = 63CA4D1626E2745E00178A55 /* ImageEndpointTests.swift */; };
		63CA4D1926E27B4900178A55 /* Endpoint.swift in Sources */ = {isa = PBXBuildFile; fileRef = 63CA4D1826E27B4900178A55 /* Endpoint.swift */; };
		63ED9BA426E905DE00C00101 /* CharacterProfileView.swift in Sources */ = {isa = PBXBuildFile; fileRef = 63ED9BA326E905DE00C00101 /* CharacterProfileView.swift */; };
		63ED9BA626E90B9C00C00101 /* CharacterProfileViewTests.swift in Sources */ = {isa = PBXBuildFile; fileRef = 63ED9BA526E90B9C00C00101 /* CharacterProfileViewTests.swift */; };
		63ED9BA826E9112A00C00101 /* ProfileItemView.swift in Sources */ = {isa = PBXBuildFile; fileRef = 63ED9BA726E9112A00C00101 /* ProfileItemView.swift */; };
/* End PBXBuildFile section */

/* Begin PBXContainerItemProxy section */
		631DFECC26DFD46C00E88664 /* PBXContainerItemProxy */ = {
			isa = PBXContainerItemProxy;
			containerPortal = 631DFEB226DFD46A00E88664 /* Project object */;
			proxyType = 1;
			remoteGlobalIDString = 631DFEB926DFD46A00E88664;
			remoteInfo = MHA_Companion;
		};
/* End PBXContainerItemProxy section */

/* Begin PBXFileReference section */
		631DFEBA26DFD46A00E88664 /* MHA_Companion.app */ = {isa = PBXFileReference; explicitFileType = wrapper.application; includeInIndex = 0; path = MHA_Companion.app; sourceTree = BUILT_PRODUCTS_DIR; };
		631DFEBD26DFD46A00E88664 /* MHA_CompanionApp.swift */ = {isa = PBXFileReference; lastKnownFileType = sourcecode.swift; path = MHA_CompanionApp.swift; sourceTree = "<group>"; };
		631DFEBF26DFD46A00E88664 /* ContentView.swift */ = {isa = PBXFileReference; lastKnownFileType = sourcecode.swift; path = ContentView.swift; sourceTree = "<group>"; };
		631DFEC126DFD46C00E88664 /* Assets.xcassets */ = {isa = PBXFileReference; lastKnownFileType = folder.assetcatalog; path = Assets.xcassets; sourceTree = "<group>"; };
		631DFEC426DFD46C00E88664 /* Preview Assets.xcassets */ = {isa = PBXFileReference; lastKnownFileType = folder.assetcatalog; path = "Preview Assets.xcassets"; sourceTree = "<group>"; };
		631DFEC626DFD46C00E88664 /* Info.plist */ = {isa = PBXFileReference; lastKnownFileType = text.plist.xml; path = Info.plist; sourceTree = "<group>"; };
		631DFECB26DFD46C00E88664 /* MHA_CompanionTests.xctest */ = {isa = PBXFileReference; explicitFileType = wrapper.cfbundle; includeInIndex = 0; path = MHA_CompanionTests.xctest; sourceTree = BUILT_PRODUCTS_DIR; };
		631DFED126DFD46C00E88664 /* Info.plist */ = {isa = PBXFileReference; lastKnownFileType = text.plist.xml; path = Info.plist; sourceTree = "<group>"; };
		631DFEED26DFD63D00E88664 /* Character.swift */ = {isa = PBXFileReference; lastKnownFileType = sourcecode.swift; path = Character.swift; sourceTree = "<group>"; };
		631DFEF226DFD69300E88664 /* Kirishima.json */ = {isa = PBXFileReference; fileEncoding = 4; lastKnownFileType = text.json; path = Kirishima.json; sourceTree = "<group>"; };
		631DFEF626DFD6C700E88664 /* KirishimaMissingKeys.json */ = {isa = PBXFileReference; fileEncoding = 4; lastKnownFileType = text.json; path = KirishimaMissingKeys.json; sourceTree = "<group>"; };
		631DFEF826DFD70200E88664 /* CharacterTests.swift */ = {isa = PBXFileReference; lastKnownFileType = sourcecode.swift; path = CharacterTests.swift; sourceTree = "<group>"; };
		631DFEFA26DFDFAC00E88664 /* Age.swift */ = {isa = PBXFileReference; lastKnownFileType = sourcecode.swift; path = Age.swift; sourceTree = "<group>"; };
		631DFEFC26DFDFBD00E88664 /* FamilyMember.swift */ = {isa = PBXFileReference; lastKnownFileType = sourcecode.swift; path = FamilyMember.swift; sourceTree = "<group>"; };
		631DFEFE26DFF30900E88664 /* AgeTests.swift */ = {isa = PBXFileReference; lastKnownFileType = sourcecode.swift; path = AgeTests.swift; sourceTree = "<group>"; };
		631DFF0026DFF31500E88664 /* FamilyMemberTests.swift */ = {isa = PBXFileReference; lastKnownFileType = sourcecode.swift; path = FamilyMemberTests.swift; sourceTree = "<group>"; };
		631DFF0526DFF79E00E88664 /* CharacterEndpoint.swift */ = {isa = PBXFileReference; lastKnownFileType = sourcecode.swift; path = CharacterEndpoint.swift; sourceTree = "<group>"; };
		631DFF0726DFFB0D00E88664 /* CharacterEndpointTests.swift */ = {isa = PBXFileReference; lastKnownFileType = sourcecode.swift; path = CharacterEndpointTests.swift; sourceTree = "<group>"; };
		631DFF0926E0017000E88664 /* ResultTests.swift */ = {isa = PBXFileReference; lastKnownFileType = sourcecode.swift; path = ResultTests.swift; sourceTree = "<group>"; };
		631DFF0B26E0017B00E88664 /* Results.swift */ = {isa = PBXFileReference; lastKnownFileType = sourcecode.swift; path = Results.swift; sourceTree = "<group>"; };
		631DFF0D26E00DAC00E88664 /* MyHeroAcademiaAPIIntegrationTests.swift */ = {isa = PBXFileReference; lastKnownFileType = sourcecode.swift; path = MyHeroAcademiaAPIIntegrationTests.swift; sourceTree = "<group>"; };
		631DFF0F26E00E2100E88664 /* ApiClient.swift */ = {isa = PBXFileReference; lastKnownFileType = sourcecode.swift; path = ApiClient.swift; sourceTree = "<group>"; };
		631DFF1926E0149700E88664 /* CharacterService.swift */ = {isa = PBXFileReference; lastKnownFileType = sourcecode.swift; path = CharacterService.swift; sourceTree = "<group>"; };
		6336B14C26E7AF0A000616F7 /* AvatarImage.swift */ = {isa = PBXFileReference; lastKnownFileType = sourcecode.swift; path = AvatarImage.swift; sourceTree = "<group>"; };
		6336B14E26E7CA33000616F7 /* Constants.swift */ = {isa = PBXFileReference; lastKnownFileType = sourcecode.swift; path = Constants.swift; sourceTree = "<group>"; };
		6336B15026E7D804000616F7 /* AvatarImageTests.swift */ = {isa = PBXFileReference; lastKnownFileType = sourcecode.swift; path = AvatarImageTests.swift; sourceTree = "<group>"; };
		6336B15226E7D95A000616F7 /* ImageLoader.swift */ = {isa = PBXFileReference; lastKnownFileType = sourcecode.swift; name = ImageLoader.swift; path = ../../../../Documents/ImageLoader.swift; sourceTree = "<group>"; };
		6336B15426E7D9E3000616F7 /* ImageLoaderTests.swift */ = {isa = PBXFileReference; lastKnownFileType = sourcecode.swift; path = ImageLoaderTests.swift; sourceTree = "<group>"; };
		6395DB7F26EA94E700A8762F /* CharactersViewModelTests.swift */ = {isa = PBXFileReference; lastKnownFileType = sourcecode.swift; path = CharactersViewModelTests.swift; sourceTree = "<group>"; };
		63BBB90426E7E1D500DD8D68 /* MockCharacterService.swift */ = {isa = PBXFileReference; lastKnownFileType = sourcecode.swift; path = MockCharacterService.swift; sourceTree = "<group>"; };
		63BBB90F26E7FF4C00DD8D68 /* CharacterListTests.swift */ = {isa = PBXFileReference; lastKnownFileType = sourcecode.swift; path = CharacterListTests.swift; sourceTree = "<group>"; };
		63BBB91126E7FF9A00DD8D68 /* CharactersViewModel.swift */ = {isa = PBXFileReference; lastKnownFileType = sourcecode.swift; path = CharactersViewModel.swift; sourceTree = "<group>"; };
		63CA4CFC26E122F200178A55 /* TestHelpers.swift */ = {isa = PBXFileReference; lastKnownFileType = sourcecode.swift; path = TestHelpers.swift; sourceTree = "<group>"; };
		63CA4D0226E24D7900178A55 /* CharacterList.swift */ = {isa = PBXFileReference; lastKnownFileType = sourcecode.swift; path = CharacterList.swift; sourceTree = "<group>"; };
		63CA4D0426E24E5600178A55 /* CharacterRow.swift */ = {isa = PBXFileReference; lastKnownFileType = sourcecode.swift; path = CharacterRow.swift; sourceTree = "<group>"; };
		63CA4D0626E2531B00178A55 /* CharacterRowInfoView.swift */ = {isa = PBXFileReference; lastKnownFileType = sourcecode.swift; path = CharacterRowInfoView.swift; sourceTree = "<group>"; };
		63CA4D0B26E2547500178A55 /* CharacterRowInfoViewTests.swift */ = {isa = PBXFileReference; lastKnownFileType = sourcecode.swift; path = CharacterRowInfoViewTests.swift; sourceTree = "<group>"; };
		63CA4D0D26E254F200178A55 /* Inspectables.swift */ = {isa = PBXFileReference; lastKnownFileType = sourcecode.swift; path = Inspectables.swift; sourceTree = "<group>"; };
		63CA4D0F26E2569D00178A55 /* CharacterRowTests.swift */ = {isa = PBXFileReference; lastKnownFileType = sourcecode.swift; path = CharacterRowTests.swift; sourceTree = "<group>"; };
		63CA4D1126E256FF00178A55 /* TestInstances.swift */ = {isa = PBXFileReference; lastKnownFileType = sourcecode.swift; path = TestInstances.swift; sourceTree = "<group>"; };
		63CA4D1426E2740400178A55 /* ImageEndpoint.swift */ = {isa = PBXFileReference; lastKnownFileType = sourcecode.swift; path = ImageEndpoint.swift; sourceTree = "<group>"; };
		63CA4D1626E2745E00178A55 /* ImageEndpointTests.swift */ = {isa = PBXFileReference; lastKnownFileType = sourcecode.swift; path = ImageEndpointTests.swift; sourceTree = "<group>"; };
		63CA4D1826E27B4900178A55 /* Endpoint.swift */ = {isa = PBXFileReference; lastKnownFileType = sourcecode.swift; path = Endpoint.swift; sourceTree = "<group>"; };
		63ED9BA326E905DE00C00101 /* CharacterProfileView.swift */ = {isa = PBXFileReference; lastKnownFileType = sourcecode.swift; path = CharacterProfileView.swift; sourceTree = "<group>"; };
		63ED9BA526E90B9C00C00101 /* CharacterProfileViewTests.swift */ = {isa = PBXFileReference; lastKnownFileType = sourcecode.swift; path = CharacterProfileViewTests.swift; sourceTree = "<group>"; };
		63ED9BA726E9112A00C00101 /* ProfileItemView.swift */ = {isa = PBXFileReference; lastKnownFileType = sourcecode.swift; path = ProfileItemView.swift; sourceTree = "<group>"; };
/* End PBXFileReference section */

/* Begin PBXFrameworksBuildPhase section */
		631DFEB726DFD46A00E88664 /* Frameworks */ = {
			isa = PBXFrameworksBuildPhase;
			buildActionMask = 2147483647;
			files = (
			);
			runOnlyForDeploymentPostprocessing = 0;
		};
		631DFEC826DFD46C00E88664 /* Frameworks */ = {
			isa = PBXFrameworksBuildPhase;
			buildActionMask = 2147483647;
			files = (
				63CA4D0A26E2542800178A55 /* ViewInspector in Frameworks */,
			);
			runOnlyForDeploymentPostprocessing = 0;
		};
/* End PBXFrameworksBuildPhase section */

/* Begin PBXGroup section */
		631DFEB126DFD46A00E88664 = {
			isa = PBXGroup;
			children = (
				631DFEBC26DFD46A00E88664 /* MHA_Companion */,
				631DFECE26DFD46C00E88664 /* MHA_CompanionTests */,
				631DFEBB26DFD46A00E88664 /* Products */,
			);
			sourceTree = "<group>";
		};
		631DFEBB26DFD46A00E88664 /* Products */ = {
			isa = PBXGroup;
			children = (
				631DFEBA26DFD46A00E88664 /* MHA_Companion.app */,
				631DFECB26DFD46C00E88664 /* MHA_CompanionTests.xctest */,
			);
			name = Products;
			sourceTree = "<group>";
		};
		631DFEBC26DFD46A00E88664 /* MHA_Companion */ = {
			isa = PBXGroup;
			children = (
				631DFF0226DFF76A00E88664 /* Networking */,
				631DFEEA26DFD4FD00E88664 /* Objects */,
				631DFEC326DFD46C00E88664 /* Preview Content */,
				631DFEE826DFD4DD00E88664 /* Supporting Files */,
				6336B14926E7AA37000616F7 /* ViewModels */,
				631DFEE926DFD4F600E88664 /* Views */,
			);
			path = MHA_Companion;
			sourceTree = "<group>";
		};
		631DFEC326DFD46C00E88664 /* Preview Content */ = {
			isa = PBXGroup;
			children = (
				631DFEC426DFD46C00E88664 /* Preview Assets.xcassets */,
			);
			path = "Preview Content";
			sourceTree = "<group>";
		};
		631DFECE26DFD46C00E88664 /* MHA_CompanionTests */ = {
			isa = PBXGroup;
			children = (
				631DFEFE26DFF30900E88664 /* AgeTests.swift */,
				6336B15026E7D804000616F7 /* AvatarImageTests.swift */,
				631DFF0726DFFB0D00E88664 /* CharacterEndpointTests.swift */,
				63BBB90F26E7FF4C00DD8D68 /* CharacterListTests.swift */,
				63ED9BA526E90B9C00C00101 /* CharacterProfileViewTests.swift */,
				63CA4D0B26E2547500178A55 /* CharacterRowInfoViewTests.swift */,
				63CA4D0F26E2569D00178A55 /* CharacterRowTests.swift */,
				631DFEF826DFD70200E88664 /* CharacterTests.swift */,
				631DFF0026DFF31500E88664 /* FamilyMemberTests.swift */,
				63CA4D1626E2745E00178A55 /* ImageEndpointTests.swift */,
				6336B15426E7D9E3000616F7 /* ImageLoaderTests.swift */,
				631DFF0D26E00DAC00E88664 /* MyHeroAcademiaAPIIntegrationTests.swift */,
				631DFF0926E0017000E88664 /* ResultTests.swift */,
				63BBB90326E7E17B00DD8D68 /* Mocks */,
				631DFF1D26E014C000E88664 /* Supporting Files */,
				6395DB7F26EA94E700A8762F /* CharactersViewModelTests.swift */,
			);
			path = MHA_CompanionTests;
			sourceTree = "<group>";
		};
		631DFEE826DFD4DD00E88664 /* Supporting Files */ = {
			isa = PBXGroup;
			children = (
				631DFEC126DFD46C00E88664 /* Assets.xcassets */,
				631DFEC626DFD46C00E88664 /* Info.plist */,
				631DFEBD26DFD46A00E88664 /* MHA_CompanionApp.swift */,
				6336B14E26E7CA33000616F7 /* Constants.swift */,
			);
			path = "Supporting Files";
			sourceTree = "<group>";
		};
		631DFEE926DFD4F600E88664 /* Views */ = {
			isa = PBXGroup;
			children = (
				6336B14C26E7AF0A000616F7 /* AvatarImage.swift */,
				63CA4D0226E24D7900178A55 /* CharacterList.swift */,
				63ED9BA326E905DE00C00101 /* CharacterProfileView.swift */,
				63CA4D0426E24E5600178A55 /* CharacterRow.swift */,
				63CA4D0626E2531B00178A55 /* CharacterRowInfoView.swift */,
				631DFEBF26DFD46A00E88664 /* ContentView.swift */,
				63ED9BA726E9112A00C00101 /* ProfileItemView.swift */,
			);
			path = Views;
			sourceTree = "<group>";
		};
		631DFEEA26DFD4FD00E88664 /* Objects */ = {
			isa = PBXGroup;
			children = (
				631DFEFA26DFDFAC00E88664 /* Age.swift */,
				631DFEED26DFD63D00E88664 /* Character.swift */,
				631DFEFC26DFDFBD00E88664 /* FamilyMember.swift */,
				631DFF0B26E0017B00E88664 /* Results.swift */,
			);
			path = Objects;
			sourceTree = "<group>";
		};
		631DFEF126DFD68700E88664 /* JSON */ = {
			isa = PBXGroup;
			children = (
				631DFEF226DFD69300E88664 /* Kirishima.json */,
				631DFEF626DFD6C700E88664 /* KirishimaMissingKeys.json */,
			);
			path = JSON;
			sourceTree = "<group>";
		};
		631DFF0226DFF76A00E88664 /* Networking */ = {
			isa = PBXGroup;
			children = (
				631DFF0F26E00E2100E88664 /* ApiClient.swift */,
				631DFF0526DFF79E00E88664 /* CharacterEndpoint.swift */,
				631DFF1926E0149700E88664 /* CharacterService.swift */,
				63CA4D1826E27B4900178A55 /* Endpoint.swift */,
				63CA4D1426E2740400178A55 /* ImageEndpoint.swift */,
				6336B15226E7D95A000616F7 /* ImageLoader.swift */,
			);
			path = Networking;
			sourceTree = "<group>";
		};
		631DFF1D26E014C000E88664 /* Supporting Files */ = {
			isa = PBXGroup;
			children = (
				631DFED126DFD46C00E88664 /* Info.plist */,
				63CA4D0D26E254F200178A55 /* Inspectables.swift */,
				63CA4CFC26E122F200178A55 /* TestHelpers.swift */,
				631DFEF126DFD68700E88664 /* JSON */,
				63CA4D1126E256FF00178A55 /* TestInstances.swift */,
			);
			path = "Supporting Files";
			sourceTree = "<group>";
		};
		6336B14926E7AA37000616F7 /* ViewModels */ = {
			isa = PBXGroup;
			children = (
				63BBB91126E7FF9A00DD8D68 /* CharactersViewModel.swift */,
			);
			path = ViewModels;
			sourceTree = "<group>";
		};
		63BBB90326E7E17B00DD8D68 /* Mocks */ = {
			isa = PBXGroup;
			children = (
				63BBB90426E7E1D500DD8D68 /* MockCharacterService.swift */,
			);
			path = Mocks;
			sourceTree = "<group>";
		};
/* End PBXGroup section */

/* Begin PBXNativeTarget section */
		631DFEB926DFD46A00E88664 /* MHA_Companion */ = {
			isa = PBXNativeTarget;
			buildConfigurationList = 631DFEDF26DFD46C00E88664 /* Build configuration list for PBXNativeTarget "MHA_Companion" */;
			buildPhases = (
				631DFEB626DFD46A00E88664 /* Sources */,
				631DFEB726DFD46A00E88664 /* Frameworks */,
				631DFEB826DFD46A00E88664 /* Resources */,
				63CA4D1326E26D8D00178A55 /* SwiftLint */,
			);
			buildRules = (
			);
			dependencies = (
			);
			name = MHA_Companion;
			packageProductDependencies = (
			);
			productName = MHA_Companion;
			productReference = 631DFEBA26DFD46A00E88664 /* MHA_Companion.app */;
			productType = "com.apple.product-type.application";
		};
		631DFECA26DFD46C00E88664 /* MHA_CompanionTests */ = {
			isa = PBXNativeTarget;
			buildConfigurationList = 631DFEE226DFD46C00E88664 /* Build configuration list for PBXNativeTarget "MHA_CompanionTests" */;
			buildPhases = (
				631DFEC726DFD46C00E88664 /* Sources */,
				631DFEC826DFD46C00E88664 /* Frameworks */,
				631DFEC926DFD46C00E88664 /* Resources */,
			);
			buildRules = (
			);
			dependencies = (
				631DFECD26DFD46C00E88664 /* PBXTargetDependency */,
			);
			name = MHA_CompanionTests;
			packageProductDependencies = (
				63CA4D0926E2542800178A55 /* ViewInspector */,
			);
			productName = MHA_CompanionTests;
			productReference = 631DFECB26DFD46C00E88664 /* MHA_CompanionTests.xctest */;
			productType = "com.apple.product-type.bundle.unit-test";
		};
/* End PBXNativeTarget section */

/* Begin PBXProject section */
		631DFEB226DFD46A00E88664 /* Project object */ = {
			isa = PBXProject;
			attributes = {
				LastSwiftUpdateCheck = 1250;
				LastUpgradeCheck = 1250;
				TargetAttributes = {
					631DFEB926DFD46A00E88664 = {
						CreatedOnToolsVersion = 12.5.1;
					};
					631DFECA26DFD46C00E88664 = {
						CreatedOnToolsVersion = 12.5.1;
						TestTargetID = 631DFEB926DFD46A00E88664;
					};
				};
			};
			buildConfigurationList = 631DFEB526DFD46A00E88664 /* Build configuration list for PBXProject "MHA_Companion" */;
			compatibilityVersion = "Xcode 9.3";
			developmentRegion = en;
			hasScannedForEncodings = 0;
			knownRegions = (
				en,
				Base,
			);
			mainGroup = 631DFEB126DFD46A00E88664;
			packageReferences = (
				63CA4D0826E2542800178A55 /* XCRemoteSwiftPackageReference "ViewInspector" */,
			);
			productRefGroup = 631DFEBB26DFD46A00E88664 /* Products */;
			projectDirPath = "";
			projectRoot = "";
			targets = (
				631DFEB926DFD46A00E88664 /* MHA_Companion */,
				631DFECA26DFD46C00E88664 /* MHA_CompanionTests */,
			);
		};
/* End PBXProject section */

/* Begin PBXResourcesBuildPhase section */
		631DFEB826DFD46A00E88664 /* Resources */ = {
			isa = PBXResourcesBuildPhase;
			buildActionMask = 2147483647;
			files = (
				631DFEC526DFD46C00E88664 /* Preview Assets.xcassets in Resources */,
				631DFEC226DFD46C00E88664 /* Assets.xcassets in Resources */,
			);
			runOnlyForDeploymentPostprocessing = 0;
		};
		631DFEC926DFD46C00E88664 /* Resources */ = {
			isa = PBXResourcesBuildPhase;
			buildActionMask = 2147483647;
			files = (
				631DFEF326DFD69300E88664 /* Kirishima.json in Resources */,
				631DFEF726DFD6C700E88664 /* KirishimaMissingKeys.json in Resources */,
			);
			runOnlyForDeploymentPostprocessing = 0;
		};
/* End PBXResourcesBuildPhase section */

/* Begin PBXShellScriptBuildPhase section */
		63CA4D1326E26D8D00178A55 /* SwiftLint */ = {
			isa = PBXShellScriptBuildPhase;
			buildActionMask = 2147483647;
			files = (
			);
			inputFileListPaths = (
			);
			inputPaths = (
			);
			name = SwiftLint;
			outputFileListPaths = (
			);
			outputPaths = (
			);
			runOnlyForDeploymentPostprocessing = 0;
			shellPath = /bin/sh;
			shellScript = "if which swiftlint >/dev/null; then\n  swiftlint\nelse\n  echo \"warning: SwiftLint not installed, download from https://github.com/realm/SwiftLint\"\nfi\n";
		};
/* End PBXShellScriptBuildPhase section */

/* Begin PBXSourcesBuildPhase section */
		631DFEB626DFD46A00E88664 /* Sources */ = {
			isa = PBXSourcesBuildPhase;
			buildActionMask = 2147483647;
			files = (
				63CA4D1926E27B4900178A55 /* Endpoint.swift in Sources */,
				63BBB90D26E7EBB300DD8D68 /* Constants.swift in Sources */,
				63CA4D0526E24E5600178A55 /* CharacterRow.swift in Sources */,
				63CA4D0726E2531B00178A55 /* CharacterRowInfoView.swift in Sources */,
				63BBB91226E7FF9A00DD8D68 /* CharactersViewModel.swift in Sources */,
				631DFF0626DFF79E00E88664 /* CharacterEndpoint.swift in Sources */,
				631DFEEE26DFD63D00E88664 /* Character.swift in Sources */,
				63CA4D1526E2740400178A55 /* ImageEndpoint.swift in Sources */,
				631DFF1026E00E2100E88664 /* ApiClient.swift in Sources */,
				631DFEFB26DFDFAC00E88664 /* Age.swift in Sources */,
				63ED9BA426E905DE00C00101 /* CharacterProfileView.swift in Sources */,
				63ED9BA826E9112A00C00101 /* ProfileItemView.swift in Sources */,
				631DFF0C26E0017B00E88664 /* Results.swift in Sources */,
				631DFEC026DFD46A00E88664 /* ContentView.swift in Sources */,
				6336B15326E7D95A000616F7 /* ImageLoader.swift in Sources */,
				631DFEBE26DFD46A00E88664 /* MHA_CompanionApp.swift in Sources */,
				63CA4D0326E24D7900178A55 /* CharacterList.swift in Sources */,
				631DFF1A26E0149700E88664 /* CharacterService.swift in Sources */,
				63BBB90C26E7EBA100DD8D68 /* AvatarImage.swift in Sources */,
				631DFEFD26DFDFBD00E88664 /* FamilyMember.swift in Sources */,
			);
			runOnlyForDeploymentPostprocessing = 0;
		};
		631DFEC726DFD46C00E88664 /* Sources */ = {
			isa = PBXSourcesBuildPhase;
			buildActionMask = 2147483647;
			files = (
				631DFF0A26E0017000E88664 /* ResultTests.swift in Sources */,
				631DFEFF26DFF30900E88664 /* AgeTests.swift in Sources */,
				6395DB8026EA94E700A8762F /* CharactersViewModelTests.swift in Sources */,
				631DFEF926DFD70200E88664 /* CharacterTests.swift in Sources */,
				63CA4D0C26E2547500178A55 /* CharacterRowInfoViewTests.swift in Sources */,
				63CA4D0E26E254F200178A55 /* Inspectables.swift in Sources */,
				6336B15526E7D9E3000616F7 /* ImageLoaderTests.swift in Sources */,
				63ED9BA626E90B9C00C00101 /* CharacterProfileViewTests.swift in Sources */,
				63CA4D1226E256FF00178A55 /* TestInstances.swift in Sources */,
				63BBB90526E7E1D500DD8D68 /* MockCharacterService.swift in Sources */,
				631DFF0826DFFB0D00E88664 /* CharacterEndpointTests.swift in Sources */,
				63BBB90E26E7F52800DD8D68 /* AvatarImageTests.swift in Sources */,
				63CA4D1726E2745E00178A55 /* ImageEndpointTests.swift in Sources */,
				631DFF0126DFF31500E88664 /* FamilyMemberTests.swift in Sources */,
				631DFF0E26E00DAC00E88664 /* MyHeroAcademiaAPIIntegrationTests.swift in Sources */,
				63CA4CFD26E122F200178A55 /* TestHelpers.swift in Sources */,
				63CA4D1026E2569D00178A55 /* CharacterRowTests.swift in Sources */,
				63BBB91026E7FF4C00DD8D68 /* CharacterListTests.swift in Sources */,
			);
			runOnlyForDeploymentPostprocessing = 0;
		};
/* End PBXSourcesBuildPhase section */

/* Begin PBXTargetDependency section */
		631DFECD26DFD46C00E88664 /* PBXTargetDependency */ = {
			isa = PBXTargetDependency;
			target = 631DFEB926DFD46A00E88664 /* MHA_Companion */;
			targetProxy = 631DFECC26DFD46C00E88664 /* PBXContainerItemProxy */;
		};
/* End PBXTargetDependency section */

/* Begin XCBuildConfiguration section */
		631DFEDD26DFD46C00E88664 /* Debug */ = {
			isa = XCBuildConfiguration;
			buildSettings = {
				ALWAYS_SEARCH_USER_PATHS = NO;
				CLANG_ANALYZER_NONNULL = YES;
				CLANG_ANALYZER_NUMBER_OBJECT_CONVERSION = YES_AGGRESSIVE;
				CLANG_CXX_LANGUAGE_STANDARD = "gnu++14";
				CLANG_CXX_LIBRARY = "libc++";
				CLANG_ENABLE_MODULES = YES;
				CLANG_ENABLE_OBJC_ARC = YES;
				CLANG_ENABLE_OBJC_WEAK = YES;
				CLANG_WARN_BLOCK_CAPTURE_AUTORELEASING = YES;
				CLANG_WARN_BOOL_CONVERSION = YES;
				CLANG_WARN_COMMA = YES;
				CLANG_WARN_CONSTANT_CONVERSION = YES;
				CLANG_WARN_DEPRECATED_OBJC_IMPLEMENTATIONS = YES;
				CLANG_WARN_DIRECT_OBJC_ISA_USAGE = YES_ERROR;
				CLANG_WARN_DOCUMENTATION_COMMENTS = YES;
				CLANG_WARN_EMPTY_BODY = YES;
				CLANG_WARN_ENUM_CONVERSION = YES;
				CLANG_WARN_INFINITE_RECURSION = YES;
				CLANG_WARN_INT_CONVERSION = YES;
				CLANG_WARN_NON_LITERAL_NULL_CONVERSION = YES;
				CLANG_WARN_OBJC_IMPLICIT_RETAIN_SELF = YES;
				CLANG_WARN_OBJC_LITERAL_CONVERSION = YES;
				CLANG_WARN_OBJC_ROOT_CLASS = YES_ERROR;
				CLANG_WARN_QUOTED_INCLUDE_IN_FRAMEWORK_HEADER = YES;
				CLANG_WARN_RANGE_LOOP_ANALYSIS = YES;
				CLANG_WARN_STRICT_PROTOTYPES = YES;
				CLANG_WARN_SUSPICIOUS_MOVE = YES;
				CLANG_WARN_UNGUARDED_AVAILABILITY = YES_AGGRESSIVE;
				CLANG_WARN_UNREACHABLE_CODE = YES;
				CLANG_WARN__DUPLICATE_METHOD_MATCH = YES;
				COPY_PHASE_STRIP = NO;
				DEBUG_INFORMATION_FORMAT = dwarf;
				ENABLE_STRICT_OBJC_MSGSEND = YES;
				ENABLE_TESTABILITY = YES;
				GCC_C_LANGUAGE_STANDARD = gnu11;
				GCC_DYNAMIC_NO_PIC = NO;
				GCC_NO_COMMON_BLOCKS = YES;
				GCC_OPTIMIZATION_LEVEL = 0;
				GCC_PREPROCESSOR_DEFINITIONS = (
					"DEBUG=1",
					"$(inherited)",
				);
				GCC_WARN_64_TO_32_BIT_CONVERSION = YES;
				GCC_WARN_ABOUT_RETURN_TYPE = YES_ERROR;
				GCC_WARN_UNDECLARED_SELECTOR = YES;
				GCC_WARN_UNINITIALIZED_AUTOS = YES_AGGRESSIVE;
				GCC_WARN_UNUSED_FUNCTION = YES;
				GCC_WARN_UNUSED_VARIABLE = YES;
				IPHONEOS_DEPLOYMENT_TARGET = 14.5;
				MTL_ENABLE_DEBUG_INFO = INCLUDE_SOURCE;
				MTL_FAST_MATH = YES;
				ONLY_ACTIVE_ARCH = YES;
				SDKROOT = iphoneos;
				SWIFT_ACTIVE_COMPILATION_CONDITIONS = DEBUG;
				SWIFT_OPTIMIZATION_LEVEL = "-Onone";
			};
			name = Debug;
		};
		631DFEDE26DFD46C00E88664 /* Release */ = {
			isa = XCBuildConfiguration;
			buildSettings = {
				ALWAYS_SEARCH_USER_PATHS = NO;
				CLANG_ANALYZER_NONNULL = YES;
				CLANG_ANALYZER_NUMBER_OBJECT_CONVERSION = YES_AGGRESSIVE;
				CLANG_CXX_LANGUAGE_STANDARD = "gnu++14";
				CLANG_CXX_LIBRARY = "libc++";
				CLANG_ENABLE_MODULES = YES;
				CLANG_ENABLE_OBJC_ARC = YES;
				CLANG_ENABLE_OBJC_WEAK = YES;
				CLANG_WARN_BLOCK_CAPTURE_AUTORELEASING = YES;
				CLANG_WARN_BOOL_CONVERSION = YES;
				CLANG_WARN_COMMA = YES;
				CLANG_WARN_CONSTANT_CONVERSION = YES;
				CLANG_WARN_DEPRECATED_OBJC_IMPLEMENTATIONS = YES;
				CLANG_WARN_DIRECT_OBJC_ISA_USAGE = YES_ERROR;
				CLANG_WARN_DOCUMENTATION_COMMENTS = YES;
				CLANG_WARN_EMPTY_BODY = YES;
				CLANG_WARN_ENUM_CONVERSION = YES;
				CLANG_WARN_INFINITE_RECURSION = YES;
				CLANG_WARN_INT_CONVERSION = YES;
				CLANG_WARN_NON_LITERAL_NULL_CONVERSION = YES;
				CLANG_WARN_OBJC_IMPLICIT_RETAIN_SELF = YES;
				CLANG_WARN_OBJC_LITERAL_CONVERSION = YES;
				CLANG_WARN_OBJC_ROOT_CLASS = YES_ERROR;
				CLANG_WARN_QUOTED_INCLUDE_IN_FRAMEWORK_HEADER = YES;
				CLANG_WARN_RANGE_LOOP_ANALYSIS = YES;
				CLANG_WARN_STRICT_PROTOTYPES = YES;
				CLANG_WARN_SUSPICIOUS_MOVE = YES;
				CLANG_WARN_UNGUARDED_AVAILABILITY = YES_AGGRESSIVE;
				CLANG_WARN_UNREACHABLE_CODE = YES;
				CLANG_WARN__DUPLICATE_METHOD_MATCH = YES;
				COPY_PHASE_STRIP = NO;
				DEBUG_INFORMATION_FORMAT = "dwarf-with-dsym";
				ENABLE_NS_ASSERTIONS = NO;
				ENABLE_STRICT_OBJC_MSGSEND = YES;
				GCC_C_LANGUAGE_STANDARD = gnu11;
				GCC_NO_COMMON_BLOCKS = YES;
				GCC_WARN_64_TO_32_BIT_CONVERSION = YES;
				GCC_WARN_ABOUT_RETURN_TYPE = YES_ERROR;
				GCC_WARN_UNDECLARED_SELECTOR = YES;
				GCC_WARN_UNINITIALIZED_AUTOS = YES_AGGRESSIVE;
				GCC_WARN_UNUSED_FUNCTION = YES;
				GCC_WARN_UNUSED_VARIABLE = YES;
				IPHONEOS_DEPLOYMENT_TARGET = 14.5;
				MTL_ENABLE_DEBUG_INFO = NO;
				MTL_FAST_MATH = YES;
				SDKROOT = iphoneos;
				SWIFT_COMPILATION_MODE = wholemodule;
				SWIFT_OPTIMIZATION_LEVEL = "-O";
				VALIDATE_PRODUCT = YES;
			};
			name = Release;
		};
		631DFEE026DFD46C00E88664 /* Debug */ = {
			isa = XCBuildConfiguration;
			buildSettings = {
				ASSETCATALOG_COMPILER_APPICON_NAME = AppIcon;
				ASSETCATALOG_COMPILER_GLOBAL_ACCENT_COLOR_NAME = AccentColor;
				CODE_SIGN_STYLE = Automatic;
				DEVELOPMENT_ASSET_PATHS = "\"MHA_Companion/Preview Content\"";
				DEVELOPMENT_TEAM = 2KLV3F3TB7;
				ENABLE_PREVIEWS = YES;
				INFOPLIST_FILE = "MHA_Companion/Supporting Files/Info.plist";
				IPHONEOS_DEPLOYMENT_TARGET = 14.0;
				LD_RUNPATH_SEARCH_PATHS = (
					"$(inherited)",
					"@executable_path/Frameworks",
				);
				PRODUCT_BUNDLE_IDENTIFIER = "com.fallencosplay.MHA-Companion";
				PRODUCT_NAME = "$(TARGET_NAME)";
				SWIFT_VERSION = 5.0;
				TARGETED_DEVICE_FAMILY = "1,2";
			};
			name = Debug;
		};
		631DFEE126DFD46C00E88664 /* Release */ = {
			isa = XCBuildConfiguration;
			buildSettings = {
				ASSETCATALOG_COMPILER_APPICON_NAME = AppIcon;
				ASSETCATALOG_COMPILER_GLOBAL_ACCENT_COLOR_NAME = AccentColor;
				CODE_SIGN_STYLE = Automatic;
				DEVELOPMENT_ASSET_PATHS = "\"MHA_Companion/Preview Content\"";
				DEVELOPMENT_TEAM = 2KLV3F3TB7;
				ENABLE_PREVIEWS = YES;
				INFOPLIST_FILE = "MHA_Companion/Supporting Files/Info.plist";
				IPHONEOS_DEPLOYMENT_TARGET = 14.0;
				LD_RUNPATH_SEARCH_PATHS = (
					"$(inherited)",
					"@executable_path/Frameworks",
				);
				PRODUCT_BUNDLE_IDENTIFIER = "com.fallencosplay.MHA-Companion";
				PRODUCT_NAME = "$(TARGET_NAME)";
				SWIFT_VERSION = 5.0;
				TARGETED_DEVICE_FAMILY = "1,2";
			};
			name = Release;
		};
		631DFEE326DFD46C00E88664 /* Debug */ = {
			isa = XCBuildConfiguration;
			buildSettings = {
				ALWAYS_EMBED_SWIFT_STANDARD_LIBRARIES = YES;
				BUNDLE_LOADER = "$(TEST_HOST)";
				CODE_SIGN_STYLE = Automatic;
				DEVELOPMENT_TEAM = 2KLV3F3TB7;
				INFOPLIST_FILE = "MHA_CompanionTests/Supporting Files/Info.plist";
				IPHONEOS_DEPLOYMENT_TARGET = 14.0;
				LD_RUNPATH_SEARCH_PATHS = (
					"$(inherited)",
					"@executable_path/Frameworks",
					"@loader_path/Frameworks",
				);
				PRODUCT_BUNDLE_IDENTIFIER = "com.fallencosplay.MHA-CompanionTests";
				PRODUCT_NAME = "$(TARGET_NAME)";
				SWIFT_VERSION = 5.0;
				TARGETED_DEVICE_FAMILY = "1,2";
				TEST_HOST = "$(BUILT_PRODUCTS_DIR)/MHA_Companion.app/MHA_Companion";
			};
			name = Debug;
		};
		631DFEE426DFD46C00E88664 /* Release */ = {
			isa = XCBuildConfiguration;
			buildSettings = {
				ALWAYS_EMBED_SWIFT_STANDARD_LIBRARIES = YES;
				BUNDLE_LOADER = "$(TEST_HOST)";
				CODE_SIGN_STYLE = Automatic;
				DEVELOPMENT_TEAM = 2KLV3F3TB7;
				INFOPLIST_FILE = "MHA_CompanionTests/Supporting Files/Info.plist";
				IPHONEOS_DEPLOYMENT_TARGET = 14.0;
				LD_RUNPATH_SEARCH_PATHS = (
					"$(inherited)",
					"@executable_path/Frameworks",
					"@loader_path/Frameworks",
				);
				PRODUCT_BUNDLE_IDENTIFIER = "com.fallencosplay.MHA-CompanionTests";
				PRODUCT_NAME = "$(TARGET_NAME)";
				SWIFT_VERSION = 5.0;
				TARGETED_DEVICE_FAMILY = "1,2";
				TEST_HOST = "$(BUILT_PRODUCTS_DIR)/MHA_Companion.app/MHA_Companion";
			};
			name = Release;
		};
/* End XCBuildConfiguration section */

/* Begin XCConfigurationList section */
		631DFEB526DFD46A00E88664 /* Build configuration list for PBXProject "MHA_Companion" */ = {
			isa = XCConfigurationList;
			buildConfigurations = (
				631DFEDD26DFD46C00E88664 /* Debug */,
				631DFEDE26DFD46C00E88664 /* Release */,
			);
			defaultConfigurationIsVisible = 0;
			defaultConfigurationName = Release;
		};
		631DFEDF26DFD46C00E88664 /* Build configuration list for PBXNativeTarget "MHA_Companion" */ = {
			isa = XCConfigurationList;
			buildConfigurations = (
				631DFEE026DFD46C00E88664 /* Debug */,
				631DFEE126DFD46C00E88664 /* Release */,
			);
			defaultConfigurationIsVisible = 0;
			defaultConfigurationName = Release;
		};
		631DFEE226DFD46C00E88664 /* Build configuration list for PBXNativeTarget "MHA_CompanionTests" */ = {
			isa = XCConfigurationList;
			buildConfigurations = (
				631DFEE326DFD46C00E88664 /* Debug */,
				631DFEE426DFD46C00E88664 /* Release */,
			);
			defaultConfigurationIsVisible = 0;
			defaultConfigurationName = Release;
		};
/* End XCConfigurationList section */

/* Begin XCRemoteSwiftPackageReference section */
		63CA4D0826E2542800178A55 /* XCRemoteSwiftPackageReference "ViewInspector" */ = {
			isa = XCRemoteSwiftPackageReference;
			repositoryURL = "https://github.com/nalexn/ViewInspector";
			requirement = {
				kind = upToNextMajorVersion;
				minimumVersion = 0.8.1;
			};
		};
/* End XCRemoteSwiftPackageReference section */

/* Begin XCSwiftPackageProductDependency section */
		63CA4D0926E2542800178A55 /* ViewInspector */ = {
			isa = XCSwiftPackageProductDependency;
			package = 63CA4D0826E2542800178A55 /* XCRemoteSwiftPackageReference "ViewInspector" */;
			productName = ViewInspector;
		};
/* End XCSwiftPackageProductDependency section */
	};
	rootObject = 631DFEB226DFD46A00E88664 /* Project object */;
}
